
Microsoft Visual Studio Solution File, Format Version 12.00
# Visual Studio Version 17
VisualStudioVersion = 17.9.34714.143
MinimumVisualStudioVersion = 10.0.40219.1
Project("{FAE04EC0-301F-11D3-BF4B-00C04F79EFBC}") = "AzureLIB", "AzureLIB.csproj", "{DD948622-7F55-4C71-825C-B032D3CFE0FD}"
EndProject
Global
	GlobalSection(SolutionConfigurationPlatforms) = preSolution
		Debug|Any CPU = Debug|Any CPU
		Release|Any CPU = Release|Any CPU
	EndGlobalSection
	GlobalSection(ProjectConfigurationPlatforms) = postSolution
		{DD948622-7F55-4C71-825C-B032D3CFE0FD}.Debug|Any CPU.ActiveCfg = Debug|Any CPU
		{DD948622-7F55-4C71-825C-B032D3CFE0FD}.Debug|Any CPU.Build.0 = Debug|Any CPU
		{DD948622-7F55-4C71-825C-B032D3CFE0FD}.Release|Any CPU.ActiveCfg = Release|Any CPU
		{DD948622-7F55-4C71-825C-B032D3CFE0FD}.Release|Any CPU.Build.0 = Release|Any CPU
	EndGlobalSection
	GlobalSection(SolutionProperties) = preSolution
		HideSolutionNode = FALSE
	EndGlobalSection
	GlobalSection(ExtensibilityGlobals) = postSolution
		SolutionGuid = {38627BB8-A990-4556-95CA-F2610D417050}
	EndGlobalSection
EndGlobal
